<Solution>
  <Project Path="AdministracionEmpleados/AdministracionEmpleados.csproj" />
  <Project Path="ARES.Agent/ARES.Agent.csproj" />
  <Project Path="ARES.Server/ARES.Server.csproj" />
  <Project Path="ARES.Shared/ARES.Shared.csproj" />
  <Project Path="ARES.ControlCenter.Mac/ARES.ControlCenter.Mac.csproj" />
</Solution>
